
Microsoft Visual Studio Solution File, Format Version 12.00
# Visual Studio Version 17
VisualStudioVersion = 17.2.32630.192
MinimumVisualStudioVersion = 10.0.40219.1
Project("{FAE04EC0-301F-11D3-BF4B-00C04F79EFBC}") = "HealthCareSys", "HealthCareSys\HealthCareSys.csproj", "{2A4E1D58-CB22-4EBF-980B-3B19068ADE6A}"
EndProject
Global
	GlobalSection(SolutionConfigurationPlatforms) = preSolution
		Debug|Any CPU = Debug|Any CPU
		Release|Any CPU = Release|Any CPU
	EndGlobalSection
	GlobalSection(ProjectConfigurationPlatforms) = postSolution
		{2A4E1D58-CB22-4EBF-980B-3B19068ADE6A}.Debug|Any CPU.ActiveCfg = Debug|Any CPU
		{2A4E1D58-CB22-4EBF-980B-3B19068ADE6A}.Debug|Any CPU.Build.0 = Debug|Any CPU
		{2A4E1D58-CB22-4EBF-980B-3B19068ADE6A}.Release|Any CPU.ActiveCfg = Release|Any CPU
		{2A4E1D58-CB22-4EBF-980B-3B19068ADE6A}.Release|Any CPU.Build.0 = Release|Any CPU
	EndGlobalSection
	GlobalSection(SolutionProperties) = preSolution
		HideSolutionNode = FALSE
	EndGlobalSection
	GlobalSection(ExtensibilityGlobals) = postSolution
		SolutionGuid = {01BFBB0C-959D-4CC2-8FE5-F4B8D3262D1C}
	EndGlobalSection
EndGlobal
